Microsoft Visual Studio Solution File, Format Version 11.00
# Visual Studio 2008

Project("{8FB7AA10-1233-5DB8-4269-8BB10F91C81F}") = "Pirate Clicker", "Assembly-CSharp.csproj", "{F145226E-9D2C-4C9F-7F61-E6E09EA65CFB}"
EndProject
Project("{8FB7AA10-1233-5DB8-4269-8BB10F91C81F}") = "Pirate Clicker", "Assembly-CSharp-Editor.csproj", "{6923BBE4-87E5-2F66-41E6-30A110AF973E}"
EndProject
Global
	GlobalSection(SolutionConfigurationPlatforms) = preSolution
		Debug|Any CPU = Debug|Any CPU
		Release|Any CPU = Release|Any CPU
	EndGlobalSection
	GlobalSection(ProjectConfigurationPlatforms) = postSolution
		{F145226E-9D2C-4C9F-7F61-E6E09EA65CFB}.Debug|Any CPU.ActiveCfg = Debug|Any CPU
		{F145226E-9D2C-4C9F-7F61-E6E09EA65CFB}.Debug|Any CPU.Build.0 = Debug|Any CPU
		{F145226E-9D2C-4C9F-7F61-E6E09EA65CFB}.Release|Any CPU.ActiveCfg = Release|Any CPU
		{F145226E-9D2C-4C9F-7F61-E6E09EA65CFB}.Release|Any CPU.Build.0 = Release|Any CPU
		{6923BBE4-87E5-2F66-41E6-30A110AF973E}.Debug|Any CPU.ActiveCfg = Debug|Any CPU
		{6923BBE4-87E5-2F66-41E6-30A110AF973E}.Debug|Any CPU.Build.0 = Debug|Any CPU
		{6923BBE4-87E5-2F66-41E6-30A110AF973E}.Release|Any CPU.ActiveCfg = Release|Any CPU
		{6923BBE4-87E5-2F66-41E6-30A110AF973E}.Release|Any CPU.Build.0 = Release|Any CPU
	EndGlobalSection
	GlobalSection(SolutionProperties) = preSolution
		HideSolutionNode = FALSE
	EndGlobalSection
	GlobalSection(MonoDevelopProperties) = preSolution
		StartupItem = Assembly-CSharp.csproj
	EndGlobalSection
EndGlobal
